
Microsoft Visual Studio Solution File, Format Version 12.00
# Visual Studio 15
Project("{FAE04EC0-301F-11D3-BF4B-00C04F79EFBC}") = "SimpleListApp", "SimpleListApp\SimpleListApp.csproj", "{2C08FDFF-848A-4B97-8EBD-86C15C567956}"
EndProject
Global
	GlobalSection(SolutionConfigurationPlatforms) = preSolution
		Debug|iPhoneSimulator = Debug|iPhoneSimulator
		Release|iPhoneSimulator = Release|iPhoneSimulator
		Debug|iPhone = Debug|iPhone
		Release|iPhone = Release|iPhone
	EndGlobalSection
	GlobalSection(ProjectConfigurationPlatforms) = postSolution
		{2C08FDFF-848A-4B97-8EBD-86C15C567956}.Debug|iPhoneSimulator.ActiveCfg = Debug|iPhoneSimulator
		{2C08FDFF-848A-4B97-8EBD-86C15C567956}.Debug|iPhoneSimulator.Build.0 = Debug|iPhoneSimulator
		{2C08FDFF-848A-4B97-8EBD-86C15C567956}.Release|iPhoneSimulator.ActiveCfg = Release|iPhoneSimulator
		{2C08FDFF-848A-4B97-8EBD-86C15C567956}.Release|iPhoneSimulator.Build.0 = Release|iPhoneSimulator
		{2C08FDFF-848A-4B97-8EBD-86C15C567956}.Debug|iPhone.ActiveCfg = Debug|iPhone
		{2C08FDFF-848A-4B97-8EBD-86C15C567956}.Debug|iPhone.Build.0 = Debug|iPhone
		{2C08FDFF-848A-4B97-8EBD-86C15C567956}.Release|iPhone.ActiveCfg = Release|iPhone
		{2C08FDFF-848A-4B97-8EBD-86C15C567956}.Release|iPhone.Build.0 = Release|iPhone
	EndGlobalSection
EndGlobal
